
Microsoft Visual Studio Solution File, Format Version 12.00
# Visual Studio Version 16
VisualStudioVersion = 16.0.31205.134
MinimumVisualStudioVersion = 10.0.40219.1
Project("{FAE04EC0-301F-11D3-BF4B-00C04F79EFBC}") = "Zadanie 2 Mikolaj 56119 - wersja 2", "Zadanie 2 Mikolaj 56119 - wersja 2\Zadanie 2 Mikolaj 56119 - wersja 2.csproj", "{E9304530-072B-47B8-AB29-5BF07515B3A7}"
EndProject
Global
	GlobalSection(SolutionConfigurationPlatforms) = preSolution
		Debug|Any CPU = Debug|Any CPU
		Release|Any CPU = Release|Any CPU
	EndGlobalSection
	GlobalSection(ProjectConfigurationPlatforms) = postSolution
		{E9304530-072B-47B8-AB29-5BF07515B3A7}.Debug|Any CPU.ActiveCfg = Debug|Any CPU
		{E9304530-072B-47B8-AB29-5BF07515B3A7}.Debug|Any CPU.Build.0 = Debug|Any CPU
		{E9304530-072B-47B8-AB29-5BF07515B3A7}.Release|Any CPU.ActiveCfg = Release|Any CPU
		{E9304530-072B-47B8-AB29-5BF07515B3A7}.Release|Any CPU.Build.0 = Release|Any CPU
	EndGlobalSection
	GlobalSection(SolutionProperties) = preSolution
		HideSolutionNode = FALSE
	EndGlobalSection
	GlobalSection(ExtensibilityGlobals) = postSolution
		SolutionGuid = {785F93FD-0337-4EBC-91D3-64C5E0601476}
	EndGlobalSection
EndGlobal
